
Microsoft Visual Studio Solution File, Format Version 12.00
# Visual Studio Version 16
VisualStudioVersion = 16.0.31729.503
MinimumVisualStudioVersion = 10.0.40219.1
Project("{FAE04EC0-301F-11D3-BF4B-00C04F79EFBC}") = "Templates", "Templates.csproj", "{40DB2882-B45E-4977-8010-354C36F34F18}"
EndProject
Project("{FAE04EC0-301F-11D3-BF4B-00C04F79EFBC}") = "UnitTest", "..\UnitTest\UnitTest.csproj", "{8CD1C7B6-3A45-424B-BBD5-085E66BDF432}"
EndProject
Global
	GlobalSection(SolutionConfigurationPlatforms) = preSolution
		Debug|Any CPU = Debug|Any CPU
		Release|Any CPU = Release|Any CPU
	EndGlobalSection
	GlobalSection(ProjectConfigurationPlatforms) = postSolution
		{40DB2882-B45E-4977-8010-354C36F34F18}.Debug|Any CPU.ActiveCfg = Debug|Any CPU
		{40DB2882-B45E-4977-8010-354C36F34F18}.Debug|Any CPU.Build.0 = Debug|Any CPU
		{40DB2882-B45E-4977-8010-354C36F34F18}.Release|Any CPU.ActiveCfg = Release|Any CPU
		{40DB2882-B45E-4977-8010-354C36F34F18}.Release|Any CPU.Build.0 = Release|Any CPU
		{8CD1C7B6-3A45-424B-BBD5-085E66BDF432}.Debug|Any CPU.ActiveCfg = Debug|Any CPU
		{8CD1C7B6-3A45-424B-BBD5-085E66BDF432}.Debug|Any CPU.Build.0 = Debug|Any CPU
		{8CD1C7B6-3A45-424B-BBD5-085E66BDF432}.Release|Any CPU.ActiveCfg = Release|Any CPU
		{8CD1C7B6-3A45-424B-BBD5-085E66BDF432}.Release|Any CPU.Build.0 = Release|Any CPU
	EndGlobalSection
	GlobalSection(SolutionProperties) = preSolution
		HideSolutionNode = FALSE
	EndGlobalSection
	GlobalSection(ExtensibilityGlobals) = postSolution
		SolutionGuid = {DA16BCC6-0489-4548-9221-E23DC0045F92}
	EndGlobalSection
EndGlobal
